
Microsoft Visual Studio Solution File, Format Version 11.00
# Visual Studio 2010
Project("{FAE04EC0-301F-11D3-BF4B-00C04F79EFBC}") = "Assembly-CSharp", "Assembly-CSharp.csproj", "{be9f34eb-3955-4fe4-7c9d-e08a09c2774a}"
EndProject
Project("{FAE04EC0-301F-11D3-BF4B-00C04F79EFBC}") = "Assembly-CSharp-Editor", "Assembly-CSharp-Editor.csproj", "{06f53a95-bf3f-5279-6130-5178bc31cce4}"
EndProject
Global
	GlobalSection(SolutionConfigurationPlatforms) = preSolution
		Debug|Any CPU = Debug|Any CPU
	EndGlobalSection
	GlobalSection(ProjectConfigurationPlatforms) = postSolution
		{be9f34eb-3955-4fe4-7c9d-e08a09c2774a}.Debug|Any CPU.ActiveCfg = Debug|Any CPU
		{be9f34eb-3955-4fe4-7c9d-e08a09c2774a}.Debug|Any CPU.Build.0 = Debug|Any CPU
		{06f53a95-bf3f-5279-6130-5178bc31cce4}.Debug|Any CPU.ActiveCfg = Debug|Any CPU
		{06f53a95-bf3f-5279-6130-5178bc31cce4}.Debug|Any CPU.Build.0 = Debug|Any CPU
	EndGlobalSection
	GlobalSection(SolutionProperties) = preSolution
		HideSolutionNode = FALSE
	EndGlobalSection
EndGlobal
